
Microsoft Visual Studio Solution File, Format Version 12.00
# Visual Studio Version 17
VisualStudioVersion = 17.12.35209.166
MinimumVisualStudioVersion = 10.0.40219.1
Project("{FAE04EC0-301F-11D3-BF4B-00C04F79EFBC}") = "ConsoleTCP-chat server", "ConsoleTCP-chat server\ConsoleTCP-chat server.csproj", "{872F3610-1AB0-4B3F-8D23-64AD6B31B6D7}"
EndProject
Global
	GlobalSection(SolutionConfigurationPlatforms) = preSolution
		Debug|Any CPU = Debug|Any CPU
		Release|Any CPU = Release|Any CPU
	EndGlobalSection
	GlobalSection(ProjectConfigurationPlatforms) = postSolution
		{872F3610-1AB0-4B3F-8D23-64AD6B31B6D7}.Debug|Any CPU.ActiveCfg = Debug|Any CPU
		{872F3610-1AB0-4B3F-8D23-64AD6B31B6D7}.Debug|Any CPU.Build.0 = Debug|Any CPU
		{872F3610-1AB0-4B3F-8D23-64AD6B31B6D7}.Release|Any CPU.ActiveCfg = Release|Any CPU
		{872F3610-1AB0-4B3F-8D23-64AD6B31B6D7}.Release|Any CPU.Build.0 = Release|Any CPU
	EndGlobalSection
	GlobalSection(SolutionProperties) = preSolution
		HideSolutionNode = FALSE
	EndGlobalSection
	GlobalSection(ExtensibilityGlobals) = postSolution
		SolutionGuid = {A43ECE5E-09D9-4CF0-8163-116E0EE3F534}
	EndGlobalSection
EndGlobal
